
Microsoft Visual Studio Solution File, Format Version 12.00
# Visual Studio Version 17
VisualStudioVersion = 17.13.35818.85
MinimumVisualStudioVersion = 10.0.40219.1
Project("{FAE04EC0-301F-11D3-BF4B-00C04F79EFBC}") = "UnitTesting", "UnitTesting\UnitTesting.csproj", "{C0B7F35F-D2C2-67AD-859C-1444A49D540F}"
EndProject
Project("{FAE04EC0-301F-11D3-BF4B-00C04F79EFBC}") = "API", "API\API.csproj", "{A2CBD31B-280C-48B5-9786-6AE1635B503D}"
EndProject
Project("{FAE04EC0-301F-11D3-BF4B-00C04F79EFBC}") = "GUI-View", "GUI-View\GUI-View.csproj", "{45F9A483-BFE1-49ED-A1D0-1B790131E943}"
EndProject
Project("{FAE04EC0-301F-11D3-BF4B-00C04F79EFBC}") = "CLI-View", "CLI-View\CLI-View.csproj", "{146710D7-EAC9-D5F4-1413-AC382346A1C1}"
EndProject
Global
	GlobalSection(SolutionConfigurationPlatforms) = preSolution
		Debug|Any CPU = Debug|Any CPU
		Release|Any CPU = Release|Any CPU
	EndGlobalSection
	GlobalSection(ProjectConfigurationPlatforms) = postSolution
		{C0B7F35F-D2C2-67AD-859C-1444A49D540F}.Debug|Any CPU.ActiveCfg = Debug|Any CPU
		{C0B7F35F-D2C2-67AD-859C-1444A49D540F}.Debug|Any CPU.Build.0 = Debug|Any CPU
		{C0B7F35F-D2C2-67AD-859C-1444A49D540F}.Release|Any CPU.ActiveCfg = Release|Any CPU
		{C0B7F35F-D2C2-67AD-859C-1444A49D540F}.Release|Any CPU.Build.0 = Release|Any CPU
		{A2CBD31B-280C-48B5-9786-6AE1635B503D}.Debug|Any CPU.ActiveCfg = Debug|Any CPU
		{A2CBD31B-280C-48B5-9786-6AE1635B503D}.Debug|Any CPU.Build.0 = Debug|Any CPU
		{A2CBD31B-280C-48B5-9786-6AE1635B503D}.Release|Any CPU.ActiveCfg = Release|Any CPU
		{A2CBD31B-280C-48B5-9786-6AE1635B503D}.Release|Any CPU.Build.0 = Release|Any CPU
		{45F9A483-BFE1-49ED-A1D0-1B790131E943}.Debug|Any CPU.ActiveCfg = Debug|Any CPU
		{45F9A483-BFE1-49ED-A1D0-1B790131E943}.Debug|Any CPU.Build.0 = Debug|Any CPU
		{45F9A483-BFE1-49ED-A1D0-1B790131E943}.Release|Any CPU.ActiveCfg = Release|Any CPU
		{45F9A483-BFE1-49ED-A1D0-1B790131E943}.Release|Any CPU.Build.0 = Release|Any CPU
		{146710D7-EAC9-D5F4-1413-AC382346A1C1}.Debug|Any CPU.ActiveCfg = Debug|Any CPU
		{146710D7-EAC9-D5F4-1413-AC382346A1C1}.Debug|Any CPU.Build.0 = Debug|Any CPU
		{146710D7-EAC9-D5F4-1413-AC382346A1C1}.Release|Any CPU.ActiveCfg = Release|Any CPU
		{146710D7-EAC9-D5F4-1413-AC382346A1C1}.Release|Any CPU.Build.0 = Release|Any CPU
	EndGlobalSection
	GlobalSection(SolutionProperties) = preSolution
		HideSolutionNode = FALSE
	EndGlobalSection
	GlobalSection(ExtensibilityGlobals) = postSolution
		SolutionGuid = {9B37462F-FCED-4E54-8411-D85B15AFE864}
	EndGlobalSection
EndGlobal
